
Microsoft Visual Studio Solution File, Format Version 12.00
# Visual Studio Version 17
VisualStudioVersion = 17.5.33627.172
MinimumVisualStudioVersion = 10.0.40219.1
Project("{2150E333-8FDC-42A3-9474-1A3956D46DE8}") = "Core", "Core", "{F7173098-F2EF-4AF6-A068-610345132840}"
EndProject
Project("{9A19103F-16F7-4668-BE54-9A1E7A4F7556}") = "Application", "Application\Application.csproj", "{B5BF4201-902C-4D72-B686-38AD11B72F37}"
	ProjectSection(ProjectDependencies) = postProject
		{5C47EAED-3A5C-4B9C-A16C-BD17E9B30B19} = {5C47EAED-3A5C-4B9C-A16C-BD17E9B30B19}
	EndProjectSection
EndProject
Project("{9A19103F-16F7-4668-BE54-9A1E7A4F7556}") = "Domain", "Domain\Domain.csproj", "{5C47EAED-3A5C-4B9C-A16C-BD17E9B30B19}"
EndProject
Project("{2150E333-8FDC-42A3-9474-1A3956D46DE8}") = "Infrastructure", "Infrastructure", "{8C285913-A5D8-4466-B742-72EA0C56DF18}"
EndProject
Project("{9A19103F-16F7-4668-BE54-9A1E7A4F7556}") = "Persistence", "Persistence\Persistence.csproj", "{29EE3A8A-60C3-4985-9770-630E1C873B02}"
	ProjectSection(ProjectDependencies) = postProject
		{5C47EAED-3A5C-4B9C-A16C-BD17E9B30B19} = {5C47EAED-3A5C-4B9C-A16C-BD17E9B30B19}
		{B5BF4201-902C-4D72-B686-38AD11B72F37} = {B5BF4201-902C-4D72-B686-38AD11B72F37}
	EndProjectSection
EndProject
Project("{2150E333-8FDC-42A3-9474-1A3956D46DE8}") = "Presentation", "Presentation", "{2C53CA53-29C9-4919-93F0-C1530CD8C7CB}"
EndProject
Project("{9A19103F-16F7-4668-BE54-9A1E7A4F7556}") = "MovieApi", "MovieApi\MovieApi.csproj", "{9568A0CC-AD3F-4465-BF51-EA0456D66326}"
	ProjectSection(ProjectDependencies) = postProject
		{29EE3A8A-60C3-4985-9770-630E1C873B02} = {29EE3A8A-60C3-4985-9770-630E1C873B02}
		{B5BF4201-902C-4D72-B686-38AD11B72F37} = {B5BF4201-902C-4D72-B686-38AD11B72F37}
	EndProjectSection
EndProject
Global
	GlobalSection(SolutionConfigurationPlatforms) = preSolution
		Debug|Any CPU = Debug|Any CPU
		Release|Any CPU = Release|Any CPU
	EndGlobalSection
	GlobalSection(ProjectConfigurationPlatforms) = postSolution
		{B5BF4201-902C-4D72-B686-38AD11B72F37}.Debug|Any CPU.ActiveCfg = Debug|Any CPU
		{B5BF4201-902C-4D72-B686-38AD11B72F37}.Debug|Any CPU.Build.0 = Debug|Any CPU
		{B5BF4201-902C-4D72-B686-38AD11B72F37}.Release|Any CPU.ActiveCfg = Release|Any CPU
		{B5BF4201-902C-4D72-B686-38AD11B72F37}.Release|Any CPU.Build.0 = Release|Any CPU
		{5C47EAED-3A5C-4B9C-A16C-BD17E9B30B19}.Debug|Any CPU.ActiveCfg = Debug|Any CPU
		{5C47EAED-3A5C-4B9C-A16C-BD17E9B30B19}.Debug|Any CPU.Build.0 = Debug|Any CPU
		{5C47EAED-3A5C-4B9C-A16C-BD17E9B30B19}.Release|Any CPU.ActiveCfg = Release|Any CPU
		{5C47EAED-3A5C-4B9C-A16C-BD17E9B30B19}.Release|Any CPU.Build.0 = Release|Any CPU
		{29EE3A8A-60C3-4985-9770-630E1C873B02}.Debug|Any CPU.ActiveCfg = Debug|Any CPU
		{29EE3A8A-60C3-4985-9770-630E1C873B02}.Debug|Any CPU.Build.0 = Debug|Any CPU
		{29EE3A8A-60C3-4985-9770-630E1C873B02}.Release|Any CPU.ActiveCfg = Release|Any CPU
		{29EE3A8A-60C3-4985-9770-630E1C873B02}.Release|Any CPU.Build.0 = Release|Any CPU
		{9568A0CC-AD3F-4465-BF51-EA0456D66326}.Debug|Any CPU.ActiveCfg = Debug|Any CPU
		{9568A0CC-AD3F-4465-BF51-EA0456D66326}.Debug|Any CPU.Build.0 = Debug|Any CPU
		{9568A0CC-AD3F-4465-BF51-EA0456D66326}.Release|Any CPU.ActiveCfg = Release|Any CPU
		{9568A0CC-AD3F-4465-BF51-EA0456D66326}.Release|Any CPU.Build.0 = Release|Any CPU
	EndGlobalSection
	GlobalSection(SolutionProperties) = preSolution
		HideSolutionNode = FALSE
	EndGlobalSection
	GlobalSection(NestedProjects) = preSolution
		{B5BF4201-902C-4D72-B686-38AD11B72F37} = {F7173098-F2EF-4AF6-A068-610345132840}
		{5C47EAED-3A5C-4B9C-A16C-BD17E9B30B19} = {F7173098-F2EF-4AF6-A068-610345132840}
		{29EE3A8A-60C3-4985-9770-630E1C873B02} = {8C285913-A5D8-4466-B742-72EA0C56DF18}
		{9568A0CC-AD3F-4465-BF51-EA0456D66326} = {2C53CA53-29C9-4919-93F0-C1530CD8C7CB}
	EndGlobalSection
	GlobalSection(ExtensibilityGlobals) = postSolution
		SolutionGuid = {AC434F7F-CDA5-4363-8A0C-7F4D944CC622}
	EndGlobalSection
EndGlobal
